
Microsoft Visual Studio Solution File, Format Version 12.00
# Visual Studio 15
VisualStudioVersion = 15.0.27130.2027
MinimumVisualStudioVersion = 10.0.40219.1
Project("{FAE04EC0-301F-11D3-BF4B-00C04F79EFBC}") = "DataModel", "DataModel\DataModel.csproj", "{30DEA773-F579-4A77-9C73-3D58C81612D0}"
EndProject
Project("{FAE04EC0-301F-11D3-BF4B-00C04F79EFBC}") = "Launcher", "Launcher\Launcher.csproj", "{9CB31996-7FF5-4BB2-AAF7-5A9A88AADC48}"
	ProjectSection(ProjectDependencies) = postProject
		{30DEA773-F579-4A77-9C73-3D58C81612D0} = {30DEA773-F579-4A77-9C73-3D58C81612D0}
		{E61DBD85-BC10-4ABD-9C0B-22770399DE70} = {E61DBD85-BC10-4ABD-9C0B-22770399DE70}
	EndProjectSection
EndProject
Project("{FAE04EC0-301F-11D3-BF4B-00C04F79EFBC}") = "PluginManager", "PluginManager\PluginManager.csproj", "{E61DBD85-BC10-4ABD-9C0B-22770399DE70}"
EndProject
Project("{FAE04EC0-301F-11D3-BF4B-00C04F79EFBC}") = "R3EConnector", "R3EConnector\R3EConnector.csproj", "{060ADE67-1E25-42AE-B164-1477162745BB}"
EndProject
Project("{FAE04EC0-301F-11D3-BF4B-00C04F79EFBC}") = "PCarsConnector", "PCarsConnector\PCarsConnector.csproj", "{B8CBD252-5867-4AB6-9166-0751A52D2155}"
EndProject
Project("{FAE04EC0-301F-11D3-BF4B-00C04F79EFBC}") = "Timing.Application", "Timing\Timing.Application.csproj", "{0997A624-2B5E-455F-98BF-8A1A5BAFA00E}"
	ProjectSection(ProjectDependencies) = postProject
		{7A5D6D7A-39B3-43E9-B0CF-EFCEC6578224} = {7A5D6D7A-39B3-43E9-B0CF-EFCEC6578224}
	EndProjectSection
EndProject
Project("{FAE04EC0-301F-11D3-BF4B-00C04F79EFBC}") = "WindowsControls", "WindowsControls\WindowsControls.csproj", "{EA13AF3C-A4E0-4AD2-94AE-78006B04FC41}"
EndProject
Project("{FAE04EC0-301F-11D3-BF4B-00C04F79EFBC}") = "MockedConnector", "MockedConnector\MockedConnector.csproj", "{93ED0FE3-E7C1-4419-9B05-AC15B8332211}"
EndProject
Project("{930C7802-8A8C-48F9-8165-68863BCCD9DD}") = "WixInstaller", "WixInstaller\WixInstaller.wixproj", "{9F42D4D5-96F5-4741-BC37-8FC6C950FD31}"
EndProject
Project("{FAE04EC0-301F-11D3-BF4B-00C04F79EFBC}") = "XslxExport", "XslxExport\XslxExport.csproj", "{7A5D6D7A-39B3-43E9-B0CF-EFCEC6578224}"
	ProjectSection(ProjectDependencies) = postProject
		{30DEA773-F579-4A77-9C73-3D58C81612D0} = {30DEA773-F579-4A77-9C73-3D58C81612D0}
	EndProjectSection
EndProject
Project("{FAE04EC0-301F-11D3-BF4B-00C04F79EFBC}") = "XslxExportTests", "XslxExportTests\XslxExportTests.csproj", "{02F2803B-39F3-4C65-869D-80601D149954}"
EndProject
Project("{FAE04EC0-301F-11D3-BF4B-00C04F79EFBC}") = "DataModelTests", "DataModelTests\DataModelTests.csproj", "{EA58C6D7-1F9F-4A81-8461-5562C1A988F9}"
EndProject
Project("{FAE04EC0-301F-11D3-BF4B-00C04F79EFBC}") = "RFactorConnector", "RFactorConnector\RFactorConnector.csproj", "{409B8A90-DBEE-4EC7-8C19-8867012A25A5}"
	ProjectSection(ProjectDependencies) = postProject
		{30DEA773-F579-4A77-9C73-3D58C81612D0} = {30DEA773-F579-4A77-9C73-3D58C81612D0}
		{E61DBD85-BC10-4ABD-9C0B-22770399DE70} = {E61DBD85-BC10-4ABD-9C0B-22770399DE70}
		{9CB31996-7FF5-4BB2-AAF7-5A9A88AADC48} = {9CB31996-7FF5-4BB2-AAF7-5A9A88AADC48}
	EndProjectSection
EndProject
Project("{FAE04EC0-301F-11D3-BF4B-00C04F79EFBC}") = "RF2Connector", "RF2Connector\RF2Connector.csproj", "{427B24C7-51F1-4189-ACA0-B76BB3C93B12}"
EndProject
Project("{FAE04EC0-301F-11D3-BF4B-00C04F79EFBC}") = "Telemetry", "Telemetry\Telemetry.csproj", "{2A31197A-A648-49F3-B15E-CA8249E7F979}"
EndProject
Project("{FAE04EC0-301F-11D3-BF4B-00C04F79EFBC}") = "AssettoCorsaConnector", "AssettoCorsaConnector\AssettoCorsaConnector.csproj", "{E86CDCEF-7A81-4CCD-83C6-0899B42E2EBC}"
EndProject
Project("{FAE04EC0-301F-11D3-BF4B-00C04F79EFBC}") = "ControlTestingApp", "ControlTestingApp\ControlTestingApp.csproj", "{F441147B-8EA3-4A32-8E04-D8F6DA89E95F}"
EndProject
Project("{2150E333-8FDC-42A3-9474-1A3956D46DE8}") = "Connectors", "Connectors", "{3317499C-3F30-45BA-80A4-C8FB1F24D512}"
EndProject
Project("{2150E333-8FDC-42A3-9474-1A3956D46DE8}") = "Tests", "Tests", "{7445488D-5A3D-4272-A2F2-9312C7F029F0}"
EndProject
Project("{2150E333-8FDC-42A3-9474-1A3956D46DE8}") = "Foundation", "Foundation", "{62D39DD9-2150-4F24-9DA7-3647446EBF69}"
EndProject
Project("{2150E333-8FDC-42A3-9474-1A3956D46DE8}") = "Applications", "Applications", "{F8D0D3D2-9722-44E1-B842-1F8894C7085D}"
EndProject
Project("{FAE04EC0-301F-11D3-BF4B-00C04F79EFBC}") = "SecondMonitor.ViewModels", "SecondMonitor.ViewModels\SecondMonitor.ViewModels.csproj", "{B43064B9-D120-4DD9-9902-E2B8F6006985}"
EndProject
Project("{FAE04EC0-301F-11D3-BF4B-00C04F79EFBC}") = "PerformanceCounter", "PerformanceCounter\PerformanceCounter.csproj", "{1EF32178-BBDF-4F6D-A5F8-3F2CD943BF98}"
EndProject
Global
	GlobalSection(SolutionConfigurationPlatforms) = preSolution
		Debug|Any CPU = Debug|Any CPU
		Debug|x64 = Debug|x64
		Debug|x86 = Debug|x86
		Release|Any CPU = Release|Any CPU
		Release|x64 = Release|x64
		Release|x86 = Release|x86
	EndGlobalSection
	GlobalSection(ProjectConfigurationPlatforms) = postSolution
		{30DEA773-F579-4A77-9C73-3D58C81612D0}.Debug|Any CPU.ActiveCfg = Debug|Any CPU
		{30DEA773-F579-4A77-9C73-3D58C81612D0}.Debug|Any CPU.Build.0 = Debug|Any CPU
		{30DEA773-F579-4A77-9C73-3D58C81612D0}.Debug|x64.ActiveCfg = Debug|Any CPU
		{30DEA773-F579-4A77-9C73-3D58C81612D0}.Debug|x64.Build.0 = Debug|Any CPU
		{30DEA773-F579-4A77-9C73-3D58C81612D0}.Debug|x86.ActiveCfg = Debug|Any CPU
		{30DEA773-F579-4A77-9C73-3D58C81612D0}.Debug|x86.Build.0 = Debug|Any CPU
		{30DEA773-F579-4A77-9C73-3D58C81612D0}.Release|Any CPU.ActiveCfg = Release|Any CPU
		{30DEA773-F579-4A77-9C73-3D58C81612D0}.Release|Any CPU.Build.0 = Release|Any CPU
		{30DEA773-F579-4A77-9C73-3D58C81612D0}.Release|x64.ActiveCfg = Release|Any CPU
		{30DEA773-F579-4A77-9C73-3D58C81612D0}.Release|x64.Build.0 = Release|Any CPU
		{30DEA773-F579-4A77-9C73-3D58C81612D0}.Release|x86.ActiveCfg = Release|Any CPU
		{30DEA773-F579-4A77-9C73-3D58C81612D0}.Release|x86.Build.0 = Release|Any CPU
		{9CB31996-7FF5-4BB2-AAF7-5A9A88AADC48}.Debug|Any CPU.ActiveCfg = Debug|Any CPU
		{9CB31996-7FF5-4BB2-AAF7-5A9A88AADC48}.Debug|Any CPU.Build.0 = Debug|Any CPU
		{9CB31996-7FF5-4BB2-AAF7-5A9A88AADC48}.Debug|x64.ActiveCfg = Debug|Any CPU
		{9CB31996-7FF5-4BB2-AAF7-5A9A88AADC48}.Debug|x64.Build.0 = Debug|Any CPU
		{9CB31996-7FF5-4BB2-AAF7-5A9A88AADC48}.Debug|x86.ActiveCfg = Debug|Any CPU
		{9CB31996-7FF5-4BB2-AAF7-5A9A88AADC48}.Debug|x86.Build.0 = Debug|Any CPU
		{9CB31996-7FF5-4BB2-AAF7-5A9A88AADC48}.Release|Any CPU.ActiveCfg = Release|Any CPU
		{9CB31996-7FF5-4BB2-AAF7-5A9A88AADC48}.Release|Any CPU.Build.0 = Release|Any CPU
		{9CB31996-7FF5-4BB2-AAF7-5A9A88AADC48}.Release|x64.ActiveCfg = Release|Any CPU
		{9CB31996-7FF5-4BB2-AAF7-5A9A88AADC48}.Release|x64.Build.0 = Release|Any CPU
		{9CB31996-7FF5-4BB2-AAF7-5A9A88AADC48}.Release|x86.ActiveCfg = Release|Any CPU
		{9CB31996-7FF5-4BB2-AAF7-5A9A88AADC48}.Release|x86.Build.0 = Release|Any CPU
		{E61DBD85-BC10-4ABD-9C0B-22770399DE70}.Debug|Any CPU.ActiveCfg = Debug|Any CPU
		{E61DBD85-BC10-4ABD-9C0B-22770399DE70}.Debug|Any CPU.Build.0 = Debug|Any CPU
		{E61DBD85-BC10-4ABD-9C0B-22770399DE70}.Debug|x64.ActiveCfg = Debug|Any CPU
		{E61DBD85-BC10-4ABD-9C0B-22770399DE70}.Debug|x64.Build.0 = Debug|Any CPU
		{E61DBD85-BC10-4ABD-9C0B-22770399DE70}.Debug|x86.ActiveCfg = Debug|Any CPU
		{E61DBD85-BC10-4ABD-9C0B-22770399DE70}.Debug|x86.Build.0 = Debug|Any CPU
		{E61DBD85-BC10-4ABD-9C0B-22770399DE70}.Release|Any CPU.ActiveCfg = Release|Any CPU
		{E61DBD85-BC10-4ABD-9C0B-22770399DE70}.Release|Any CPU.Build.0 = Release|Any CPU
		{E61DBD85-BC10-4ABD-9C0B-22770399DE70}.Release|x64.ActiveCfg = Release|Any CPU
		{E61DBD85-BC10-4ABD-9C0B-22770399DE70}.Release|x64.Build.0 = Release|Any CPU
		{E61DBD85-BC10-4ABD-9C0B-22770399DE70}.Release|x86.ActiveCfg = Release|Any CPU
		{E61DBD85-BC10-4ABD-9C0B-22770399DE70}.Release|x86.Build.0 = Release|Any CPU
		{060ADE67-1E25-42AE-B164-1477162745BB}.Debug|Any CPU.ActiveCfg = Debug|Any CPU
		{060ADE67-1E25-42AE-B164-1477162745BB}.Debug|Any CPU.Build.0 = Debug|Any CPU
		{060ADE67-1E25-42AE-B164-1477162745BB}.Debug|x64.ActiveCfg = Debug|Any CPU
		{060ADE67-1E25-42AE-B164-1477162745BB}.Debug|x64.Build.0 = Debug|Any CPU
		{060ADE67-1E25-42AE-B164-1477162745BB}.Debug|x86.ActiveCfg = Debug|Any CPU
		{060ADE67-1E25-42AE-B164-1477162745BB}.Debug|x86.Build.0 = Debug|Any CPU
		{060ADE67-1E25-42AE-B164-1477162745BB}.Release|Any CPU.ActiveCfg = Release|Any CPU
		{060ADE67-1E25-42AE-B164-1477162745BB}.Release|Any CPU.Build.0 = Release|Any CPU
		{060ADE67-1E25-42AE-B164-1477162745BB}.Release|x64.ActiveCfg = Release|Any CPU
		{060ADE67-1E25-42AE-B164-1477162745BB}.Release|x64.Build.0 = Release|Any CPU
		{060ADE67-1E25-42AE-B164-1477162745BB}.Release|x86.ActiveCfg = Release|Any CPU
		{060ADE67-1E25-42AE-B164-1477162745BB}.Release|x86.Build.0 = Release|Any CPU
		{B8CBD252-5867-4AB6-9166-0751A52D2155}.Debug|Any CPU.ActiveCfg = Debug|Any CPU
		{B8CBD252-5867-4AB6-9166-0751A52D2155}.Debug|Any CPU.Build.0 = Debug|Any CPU
		{B8CBD252-5867-4AB6-9166-0751A52D2155}.Debug|x64.ActiveCfg = Debug|Any CPU
		{B8CBD252-5867-4AB6-9166-0751A52D2155}.Debug|x64.Build.0 = Debug|Any CPU
		{B8CBD252-5867-4AB6-9166-0751A52D2155}.Debug|x86.ActiveCfg = Debug|Any CPU
		{B8CBD252-5867-4AB6-9166-0751A52D2155}.Debug|x86.Build.0 = Debug|Any CPU
		{B8CBD252-5867-4AB6-9166-0751A52D2155}.Release|Any CPU.ActiveCfg = Release|Any CPU
		{B8CBD252-5867-4AB6-9166-0751A52D2155}.Release|Any CPU.Build.0 = Release|Any CPU
		{B8CBD252-5867-4AB6-9166-0751A52D2155}.Release|x64.ActiveCfg = Release|Any CPU
		{B8CBD252-5867-4AB6-9166-0751A52D2155}.Release|x64.Build.0 = Release|Any CPU
		{B8CBD252-5867-4AB6-9166-0751A52D2155}.Release|x86.ActiveCfg = Release|Any CPU
		{B8CBD252-5867-4AB6-9166-0751A52D2155}.Release|x86.Build.0 = Release|Any CPU
		{0997A624-2B5E-455F-98BF-8A1A5BAFA00E}.Debug|Any CPU.ActiveCfg = Debug|Any CPU
		{0997A624-2B5E-455F-98BF-8A1A5BAFA00E}.Debug|Any CPU.Build.0 = Debug|Any CPU
		{0997A624-2B5E-455F-98BF-8A1A5BAFA00E}.Debug|x64.ActiveCfg = Debug|Any CPU
		{0997A624-2B5E-455F-98BF-8A1A5BAFA00E}.Debug|x64.Build.0 = Debug|Any CPU
		{0997A624-2B5E-455F-98BF-8A1A5BAFA00E}.Debug|x86.ActiveCfg = Debug|Any CPU
		{0997A624-2B5E-455F-98BF-8A1A5BAFA00E}.Debug|x86.Build.0 = Debug|Any CPU
		{0997A624-2B5E-455F-98BF-8A1A5BAFA00E}.Release|Any CPU.ActiveCfg = Release|Any CPU
		{0997A624-2B5E-455F-98BF-8A1A5BAFA00E}.Release|Any CPU.Build.0 = Release|Any CPU
		{0997A624-2B5E-455F-98BF-8A1A5BAFA00E}.Release|x64.ActiveCfg = Release|Any CPU
		{0997A624-2B5E-455F-98BF-8A1A5BAFA00E}.Release|x64.Build.0 = Release|Any CPU
		{0997A624-2B5E-455F-98BF-8A1A5BAFA00E}.Release|x86.ActiveCfg = Release|Any CPU
		{0997A624-2B5E-455F-98BF-8A1A5BAFA00E}.Release|x86.Build.0 = Release|Any CPU
		{EA13AF3C-A4E0-4AD2-94AE-78006B04FC41}.Debug|Any CPU.ActiveCfg = Debug|Any CPU
		{EA13AF3C-A4E0-4AD2-94AE-78006B04FC41}.Debug|Any CPU.Build.0 = Debug|Any CPU
		{EA13AF3C-A4E0-4AD2-94AE-78006B04FC41}.Debug|x64.ActiveCfg = Debug|Any CPU
		{EA13AF3C-A4E0-4AD2-94AE-78006B04FC41}.Debug|x64.Build.0 = Debug|Any CPU
		{EA13AF3C-A4E0-4AD2-94AE-78006B04FC41}.Debug|x86.ActiveCfg = Debug|Any CPU
		{EA13AF3C-A4E0-4AD2-94AE-78006B04FC41}.Debug|x86.Build.0 = Debug|Any CPU
		{EA13AF3C-A4E0-4AD2-94AE-78006B04FC41}.Release|Any CPU.ActiveCfg = Release|Any CPU
		{EA13AF3C-A4E0-4AD2-94AE-78006B04FC41}.Release|Any CPU.Build.0 = Release|Any CPU
		{EA13AF3C-A4E0-4AD2-94AE-78006B04FC41}.Release|x64.ActiveCfg = Release|Any CPU
		{EA13AF3C-A4E0-4AD2-94AE-78006B04FC41}.Release|x64.Build.0 = Release|Any CPU
		{EA13AF3C-A4E0-4AD2-94AE-78006B04FC41}.Release|x86.ActiveCfg = Release|Any CPU
		{EA13AF3C-A4E0-4AD2-94AE-78006B04FC41}.Release|x86.Build.0 = Release|Any CPU
		{93ED0FE3-E7C1-4419-9B05-AC15B8332211}.Debug|Any CPU.ActiveCfg = Debug|Any CPU
		{93ED0FE3-E7C1-4419-9B05-AC15B8332211}.Debug|Any CPU.Build.0 = Debug|Any CPU
		{93ED0FE3-E7C1-4419-9B05-AC15B8332211}.Debug|x64.ActiveCfg = Debug|Any CPU
		{93ED0FE3-E7C1-4419-9B05-AC15B8332211}.Debug|x64.Build.0 = Debug|Any CPU
		{93ED0FE3-E7C1-4419-9B05-AC15B8332211}.Debug|x86.ActiveCfg = Debug|Any CPU
		{93ED0FE3-E7C1-4419-9B05-AC15B8332211}.Debug|x86.Build.0 = Debug|Any CPU
		{93ED0FE3-E7C1-4419-9B05-AC15B8332211}.Release|Any CPU.ActiveCfg = Release|Any CPU
		{93ED0FE3-E7C1-4419-9B05-AC15B8332211}.Release|Any CPU.Build.0 = Release|Any CPU
		{93ED0FE3-E7C1-4419-9B05-AC15B8332211}.Release|x64.ActiveCfg = Release|Any CPU
		{93ED0FE3-E7C1-4419-9B05-AC15B8332211}.Release|x64.Build.0 = Release|Any CPU
		{93ED0FE3-E7C1-4419-9B05-AC15B8332211}.Release|x86.ActiveCfg = Release|Any CPU
		{93ED0FE3-E7C1-4419-9B05-AC15B8332211}.Release|x86.Build.0 = Release|Any CPU
		{9F42D4D5-96F5-4741-BC37-8FC6C950FD31}.Debug|Any CPU.ActiveCfg = Debug|x86
		{9F42D4D5-96F5-4741-BC37-8FC6C950FD31}.Debug|x64.ActiveCfg = Debug|x86
		{9F42D4D5-96F5-4741-BC37-8FC6C950FD31}.Debug|x86.ActiveCfg = Debug|x86
		{9F42D4D5-96F5-4741-BC37-8FC6C950FD31}.Debug|x86.Build.0 = Debug|x86
		{9F42D4D5-96F5-4741-BC37-8FC6C950FD31}.Release|Any CPU.ActiveCfg = Release|x86
		{9F42D4D5-96F5-4741-BC37-8FC6C950FD31}.Release|x64.ActiveCfg = Release|x86
		{9F42D4D5-96F5-4741-BC37-8FC6C950FD31}.Release|x86.ActiveCfg = Release|x86
		{9F42D4D5-96F5-4741-BC37-8FC6C950FD31}.Release|x86.Build.0 = Release|x86
		{7A5D6D7A-39B3-43E9-B0CF-EFCEC6578224}.Debug|Any CPU.ActiveCfg = Debug|Any CPU
		{7A5D6D7A-39B3-43E9-B0CF-EFCEC6578224}.Debug|Any CPU.Build.0 = Debug|Any CPU
		{7A5D6D7A-39B3-43E9-B0CF-EFCEC6578224}.Debug|x64.ActiveCfg = Debug|Any CPU
		{7A5D6D7A-39B3-43E9-B0CF-EFCEC6578224}.Debug|x64.Build.0 = Debug|Any CPU
		{7A5D6D7A-39B3-43E9-B0CF-EFCEC6578224}.Debug|x86.ActiveCfg = Debug|Any CPU
		{7A5D6D7A-39B3-43E9-B0CF-EFCEC6578224}.Debug|x86.Build.0 = Debug|Any CPU
		{7A5D6D7A-39B3-43E9-B0CF-EFCEC6578224}.Release|Any CPU.ActiveCfg = Release|Any CPU
		{7A5D6D7A-39B3-43E9-B0CF-EFCEC6578224}.Release|Any CPU.Build.0 = Release|Any CPU
		{7A5D6D7A-39B3-43E9-B0CF-EFCEC6578224}.Release|x64.ActiveCfg = Release|Any CPU
		{7A5D6D7A-39B3-43E9-B0CF-EFCEC6578224}.Release|x64.Build.0 = Release|Any CPU
		{7A5D6D7A-39B3-43E9-B0CF-EFCEC6578224}.Release|x86.ActiveCfg = Release|Any CPU
		{7A5D6D7A-39B3-43E9-B0CF-EFCEC6578224}.Release|x86.Build.0 = Release|Any CPU
		{02F2803B-39F3-4C65-869D-80601D149954}.Debug|Any CPU.ActiveCfg = Debug|Any CPU
		{02F2803B-39F3-4C65-869D-80601D149954}.Debug|Any CPU.Build.0 = Debug|Any CPU
		{02F2803B-39F3-4C65-869D-80601D149954}.Debug|x64.ActiveCfg = Debug|Any CPU
		{02F2803B-39F3-4C65-869D-80601D149954}.Debug|x64.Build.0 = Debug|Any CPU
		{02F2803B-39F3-4C65-869D-80601D149954}.Debug|x86.ActiveCfg = Debug|Any CPU
		{02F2803B-39F3-4C65-869D-80601D149954}.Debug|x86.Build.0 = Debug|Any CPU
		{02F2803B-39F3-4C65-869D-80601D149954}.Release|Any CPU.ActiveCfg = Release|Any CPU
		{02F2803B-39F3-4C65-869D-80601D149954}.Release|Any CPU.Build.0 = Release|Any CPU
		{02F2803B-39F3-4C65-869D-80601D149954}.Release|x64.ActiveCfg = Release|Any CPU
		{02F2803B-39F3-4C65-869D-80601D149954}.Release|x64.Build.0 = Release|Any CPU
		{02F2803B-39F3-4C65-869D-80601D149954}.Release|x86.ActiveCfg = Release|Any CPU
		{02F2803B-39F3-4C65-869D-80601D149954}.Release|x86.Build.0 = Release|Any CPU
		{EA58C6D7-1F9F-4A81-8461-5562C1A988F9}.Debug|Any CPU.ActiveCfg = Debug|Any CPU
		{EA58C6D7-1F9F-4A81-8461-5562C1A988F9}.Debug|Any CPU.Build.0 = Debug|Any CPU
		{EA58C6D7-1F9F-4A81-8461-5562C1A988F9}.Debug|x64.ActiveCfg = Debug|Any CPU
		{EA58C6D7-1F9F-4A81-8461-5562C1A988F9}.Debug|x64.Build.0 = Debug|Any CPU
		{EA58C6D7-1F9F-4A81-8461-5562C1A988F9}.Debug|x86.ActiveCfg = Debug|Any CPU
		{EA58C6D7-1F9F-4A81-8461-5562C1A988F9}.Debug|x86.Build.0 = Debug|Any CPU
		{EA58C6D7-1F9F-4A81-8461-5562C1A988F9}.Release|Any CPU.ActiveCfg = Release|Any CPU
		{EA58C6D7-1F9F-4A81-8461-5562C1A988F9}.Release|Any CPU.Build.0 = Release|Any CPU
		{EA58C6D7-1F9F-4A81-8461-5562C1A988F9}.Release|x64.ActiveCfg = Release|Any CPU
		{EA58C6D7-1F9F-4A81-8461-5562C1A988F9}.Release|x64.Build.0 = Release|Any CPU
		{EA58C6D7-1F9F-4A81-8461-5562C1A988F9}.Release|x86.ActiveCfg = Release|Any CPU
		{EA58C6D7-1F9F-4A81-8461-5562C1A988F9}.Release|x86.Build.0 = Release|Any CPU
		{409B8A90-DBEE-4EC7-8C19-8867012A25A5}.Debug|Any CPU.ActiveCfg = Debug|Any CPU
		{409B8A90-DBEE-4EC7-8C19-8867012A25A5}.Debug|Any CPU.Build.0 = Debug|Any CPU
		{409B8A90-DBEE-4EC7-8C19-8867012A25A5}.Debug|x64.ActiveCfg = Debug|Any CPU
		{409B8A90-DBEE-4EC7-8C19-8867012A25A5}.Debug|x64.Build.0 = Debug|Any CPU
		{409B8A90-DBEE-4EC7-8C19-8867012A25A5}.Debug|x86.ActiveCfg = Debug|Any CPU
		{409B8A90-DBEE-4EC7-8C19-8867012A25A5}.Debug|x86.Build.0 = Debug|Any CPU
		{409B8A90-DBEE-4EC7-8C19-8867012A25A5}.Release|Any CPU.ActiveCfg = Release|Any CPU
		{409B8A90-DBEE-4EC7-8C19-8867012A25A5}.Release|Any CPU.Build.0 = Release|Any CPU
		{409B8A90-DBEE-4EC7-8C19-8867012A25A5}.Release|x64.ActiveCfg = Release|Any CPU
		{409B8A90-DBEE-4EC7-8C19-8867012A25A5}.Release|x64.Build.0 = Release|Any CPU
		{409B8A90-DBEE-4EC7-8C19-8867012A25A5}.Release|x86.ActiveCfg = Release|Any CPU
		{409B8A90-DBEE-4EC7-8C19-8867012A25A5}.Release|x86.Build.0 = Release|Any CPU
		{427B24C7-51F1-4189-ACA0-B76BB3C93B12}.Debug|Any CPU.ActiveCfg = Debug|Any CPU
		{427B24C7-51F1-4189-ACA0-B76BB3C93B12}.Debug|Any CPU.Build.0 = Debug|Any CPU
		{427B24C7-51F1-4189-ACA0-B76BB3C93B12}.Debug|x64.ActiveCfg = Debug|Any CPU
		{427B24C7-51F1-4189-ACA0-B76BB3C93B12}.Debug|x64.Build.0 = Debug|Any CPU
		{427B24C7-51F1-4189-ACA0-B76BB3C93B12}.Debug|x86.ActiveCfg = Debug|Any CPU
		{427B24C7-51F1-4189-ACA0-B76BB3C93B12}.Debug|x86.Build.0 = Debug|Any CPU
		{427B24C7-51F1-4189-ACA0-B76BB3C93B12}.Release|Any CPU.ActiveCfg = Release|Any CPU
		{427B24C7-51F1-4189-ACA0-B76BB3C93B12}.Release|Any CPU.Build.0 = Release|Any CPU
		{427B24C7-51F1-4189-ACA0-B76BB3C93B12}.Release|x64.ActiveCfg = Release|Any CPU
		{427B24C7-51F1-4189-ACA0-B76BB3C93B12}.Release|x64.Build.0 = Release|Any CPU
		{427B24C7-51F1-4189-ACA0-B76BB3C93B12}.Release|x86.ActiveCfg = Release|Any CPU
		{427B24C7-51F1-4189-ACA0-B76BB3C93B12}.Release|x86.Build.0 = Release|Any CPU
		{2A31197A-A648-49F3-B15E-CA8249E7F979}.Debug|Any CPU.ActiveCfg = Debug|Any CPU
		{2A31197A-A648-49F3-B15E-CA8249E7F979}.Debug|Any CPU.Build.0 = Debug|Any CPU
		{2A31197A-A648-49F3-B15E-CA8249E7F979}.Debug|x64.ActiveCfg = Debug|Any CPU
		{2A31197A-A648-49F3-B15E-CA8249E7F979}.Debug|x64.Build.0 = Debug|Any CPU
		{2A31197A-A648-49F3-B15E-CA8249E7F979}.Debug|x86.ActiveCfg = Debug|Any CPU
		{2A31197A-A648-49F3-B15E-CA8249E7F979}.Debug|x86.Build.0 = Debug|Any CPU
		{2A31197A-A648-49F3-B15E-CA8249E7F979}.Release|Any CPU.ActiveCfg = Release|Any CPU
		{2A31197A-A648-49F3-B15E-CA8249E7F979}.Release|Any CPU.Build.0 = Release|Any CPU
		{2A31197A-A648-49F3-B15E-CA8249E7F979}.Release|x64.ActiveCfg = Release|Any CPU
		{2A31197A-A648-49F3-B15E-CA8249E7F979}.Release|x64.Build.0 = Release|Any CPU
		{2A31197A-A648-49F3-B15E-CA8249E7F979}.Release|x86.ActiveCfg = Release|Any CPU
		{2A31197A-A648-49F3-B15E-CA8249E7F979}.Release|x86.Build.0 = Release|Any CPU
		{E86CDCEF-7A81-4CCD-83C6-0899B42E2EBC}.Debug|Any CPU.ActiveCfg = Debug|Any CPU
		{E86CDCEF-7A81-4CCD-83C6-0899B42E2EBC}.Debug|Any CPU.Build.0 = Debug|Any CPU
		{E86CDCEF-7A81-4CCD-83C6-0899B42E2EBC}.Debug|x64.ActiveCfg = Debug|Any CPU
		{E86CDCEF-7A81-4CCD-83C6-0899B42E2EBC}.Debug|x64.Build.0 = Debug|Any CPU
		{E86CDCEF-7A81-4CCD-83C6-0899B42E2EBC}.Debug|x86.ActiveCfg = Debug|Any CPU
		{E86CDCEF-7A81-4CCD-83C6-0899B42E2EBC}.Debug|x86.Build.0 = Debug|Any CPU
		{E86CDCEF-7A81-4CCD-83C6-0899B42E2EBC}.Release|Any CPU.ActiveCfg = Release|Any CPU
		{E86CDCEF-7A81-4CCD-83C6-0899B42E2EBC}.Release|Any CPU.Build.0 = Release|Any CPU
		{E86CDCEF-7A81-4CCD-83C6-0899B42E2EBC}.Release|x64.ActiveCfg = Release|Any CPU
		{E86CDCEF-7A81-4CCD-83C6-0899B42E2EBC}.Release|x64.Build.0 = Release|Any CPU
		{E86CDCEF-7A81-4CCD-83C6-0899B42E2EBC}.Release|x86.ActiveCfg = Release|Any CPU
		{E86CDCEF-7A81-4CCD-83C6-0899B42E2EBC}.Release|x86.Build.0 = Release|Any CPU
		{F441147B-8EA3-4A32-8E04-D8F6DA89E95F}.Debug|Any CPU.ActiveCfg = Debug|Any CPU
		{F441147B-8EA3-4A32-8E04-D8F6DA89E95F}.Debug|Any CPU.Build.0 = Debug|Any CPU
		{F441147B-8EA3-4A32-8E04-D8F6DA89E95F}.Debug|x64.ActiveCfg = Debug|Any CPU
		{F441147B-8EA3-4A32-8E04-D8F6DA89E95F}.Debug|x64.Build.0 = Debug|Any CPU
		{F441147B-8EA3-4A32-8E04-D8F6DA89E95F}.Debug|x86.ActiveCfg = Debug|Any CPU
		{F441147B-8EA3-4A32-8E04-D8F6DA89E95F}.Debug|x86.Build.0 = Debug|Any CPU
		{F441147B-8EA3-4A32-8E04-D8F6DA89E95F}.Release|Any CPU.ActiveCfg = Release|Any CPU
		{F441147B-8EA3-4A32-8E04-D8F6DA89E95F}.Release|Any CPU.Build.0 = Release|Any CPU
		{F441147B-8EA3-4A32-8E04-D8F6DA89E95F}.Release|x64.ActiveCfg = Release|Any CPU
		{F441147B-8EA3-4A32-8E04-D8F6DA89E95F}.Release|x64.Build.0 = Release|Any CPU
		{F441147B-8EA3-4A32-8E04-D8F6DA89E95F}.Release|x86.ActiveCfg = Release|Any CPU
		{F441147B-8EA3-4A32-8E04-D8F6DA89E95F}.Release|x86.Build.0 = Release|Any CPU
		{B43064B9-D120-4DD9-9902-E2B8F6006985}.Debug|Any CPU.ActiveCfg = Debug|Any CPU
		{B43064B9-D120-4DD9-9902-E2B8F6006985}.Debug|Any CPU.Build.0 = Debug|Any CPU
		{B43064B9-D120-4DD9-9902-E2B8F6006985}.Debug|x64.ActiveCfg = Debug|Any CPU
		{B43064B9-D120-4DD9-9902-E2B8F6006985}.Debug|x64.Build.0 = Debug|Any CPU
		{B43064B9-D120-4DD9-9902-E2B8F6006985}.Debug|x86.ActiveCfg = Debug|Any CPU
		{B43064B9-D120-4DD9-9902-E2B8F6006985}.Debug|x86.Build.0 = Debug|Any CPU
		{B43064B9-D120-4DD9-9902-E2B8F6006985}.Release|Any CPU.ActiveCfg = Release|Any CPU
		{B43064B9-D120-4DD9-9902-E2B8F6006985}.Release|Any CPU.Build.0 = Release|Any CPU
		{B43064B9-D120-4DD9-9902-E2B8F6006985}.Release|x64.ActiveCfg = Release|Any CPU
		{B43064B9-D120-4DD9-9902-E2B8F6006985}.Release|x64.Build.0 = Release|Any CPU
		{B43064B9-D120-4DD9-9902-E2B8F6006985}.Release|x86.ActiveCfg = Release|Any CPU
		{B43064B9-D120-4DD9-9902-E2B8F6006985}.Release|x86.Build.0 = Release|Any CPU
		{1EF32178-BBDF-4F6D-A5F8-3F2CD943BF98}.Debug|Any CPU.ActiveCfg = Debug|Any CPU
		{1EF32178-BBDF-4F6D-A5F8-3F2CD943BF98}.Debug|Any CPU.Build.0 = Debug|Any CPU
		{1EF32178-BBDF-4F6D-A5F8-3F2CD943BF98}.Debug|x64.ActiveCfg = Debug|Any CPU
		{1EF32178-BBDF-4F6D-A5F8-3F2CD943BF98}.Debug|x64.Build.0 = Debug|Any CPU
		{1EF32178-BBDF-4F6D-A5F8-3F2CD943BF98}.Debug|x86.ActiveCfg = Debug|Any CPU
		{1EF32178-BBDF-4F6D-A5F8-3F2CD943BF98}.Debug|x86.Build.0 = Debug|Any CPU
		{1EF32178-BBDF-4F6D-A5F8-3F2CD943BF98}.Release|Any CPU.ActiveCfg = Release|Any CPU
		{1EF32178-BBDF-4F6D-A5F8-3F2CD943BF98}.Release|Any CPU.Build.0 = Release|Any CPU
		{1EF32178-BBDF-4F6D-A5F8-3F2CD943BF98}.Release|x64.ActiveCfg = Release|Any CPU
		{1EF32178-BBDF-4F6D-A5F8-3F2CD943BF98}.Release|x64.Build.0 = Release|Any CPU
		{1EF32178-BBDF-4F6D-A5F8-3F2CD943BF98}.Release|x86.ActiveCfg = Release|Any CPU
		{1EF32178-BBDF-4F6D-A5F8-3F2CD943BF98}.Release|x86.Build.0 = Release|Any CPU
	EndGlobalSection
	GlobalSection(SolutionProperties) = preSolution
		HideSolutionNode = FALSE
	EndGlobalSection
	GlobalSection(NestedProjects) = preSolution
		{30DEA773-F579-4A77-9C73-3D58C81612D0} = {62D39DD9-2150-4F24-9DA7-3647446EBF69}
		{9CB31996-7FF5-4BB2-AAF7-5A9A88AADC48} = {62D39DD9-2150-4F24-9DA7-3647446EBF69}
		{E61DBD85-BC10-4ABD-9C0B-22770399DE70} = {62D39DD9-2150-4F24-9DA7-3647446EBF69}
		{060ADE67-1E25-42AE-B164-1477162745BB} = {3317499C-3F30-45BA-80A4-C8FB1F24D512}
		{B8CBD252-5867-4AB6-9166-0751A52D2155} = {3317499C-3F30-45BA-80A4-C8FB1F24D512}
		{0997A624-2B5E-455F-98BF-8A1A5BAFA00E} = {F8D0D3D2-9722-44E1-B842-1F8894C7085D}
		{EA13AF3C-A4E0-4AD2-94AE-78006B04FC41} = {62D39DD9-2150-4F24-9DA7-3647446EBF69}
		{93ED0FE3-E7C1-4419-9B05-AC15B8332211} = {3317499C-3F30-45BA-80A4-C8FB1F24D512}
		{7A5D6D7A-39B3-43E9-B0CF-EFCEC6578224} = {7445488D-5A3D-4272-A2F2-9312C7F029F0}
		{02F2803B-39F3-4C65-869D-80601D149954} = {7445488D-5A3D-4272-A2F2-9312C7F029F0}
		{EA58C6D7-1F9F-4A81-8461-5562C1A988F9} = {7445488D-5A3D-4272-A2F2-9312C7F029F0}
		{409B8A90-DBEE-4EC7-8C19-8867012A25A5} = {3317499C-3F30-45BA-80A4-C8FB1F24D512}
		{427B24C7-51F1-4189-ACA0-B76BB3C93B12} = {3317499C-3F30-45BA-80A4-C8FB1F24D512}
		{2A31197A-A648-49F3-B15E-CA8249E7F979} = {F8D0D3D2-9722-44E1-B842-1F8894C7085D}
		{E86CDCEF-7A81-4CCD-83C6-0899B42E2EBC} = {3317499C-3F30-45BA-80A4-C8FB1F24D512}
		{F441147B-8EA3-4A32-8E04-D8F6DA89E95F} = {7445488D-5A3D-4272-A2F2-9312C7F029F0}
		{B43064B9-D120-4DD9-9902-E2B8F6006985} = {62D39DD9-2150-4F24-9DA7-3647446EBF69}
		{1EF32178-BBDF-4F6D-A5F8-3F2CD943BF98} = {7445488D-5A3D-4272-A2F2-9312C7F029F0}
	EndGlobalSection
	GlobalSection(ExtensibilityGlobals) = postSolution
		SolutionGuid = {726FBC8E-A19B-4E10-8189-10D84C2AA8DE}
	EndGlobalSection
EndGlobal
